
Microsoft Visual Studio Solution File, Format Version 12.00
# Visual Studio Version 17
VisualStudioVersion = 17.14.36408.4
MinimumVisualStudioVersion = 10.0.40219.1
Project("{FAE04EC0-301F-11D3-BF4B-00C04F79EFBC}") = "POE_CLOUD1", "POE_CLOUD1\POE_CLOUD1.csproj", "{2402E4FF-8C2D-486A-9772-1526C66BC710}"
EndProject
Project("{FAE04EC0-301F-11D3-BF4B-00C04F79EFBC}") = "AzureFunctions", "AzureFunctions\AzureFunctions.csproj", "{48BE074F-6EF2-4278-ADFD-13D2C7107868}"
EndProject
Project("{FAE04EC0-301F-11D3-BF4B-00C04F79EFBC}") = "QueueTrigger", "QueueTrigger\QueueTrigger.csproj", "{233CE370-536B-45DE-A692-3F055F95BF3F}"
EndProject
Project("{FAE04EC0-301F-11D3-BF4B-00C04F79EFBC}") = "Queue", "Queue\Queue.csproj", "{C88A402D-C43A-4135-B554-8926899EEB7E}"
EndProject
Global
	GlobalSection(SolutionConfigurationPlatforms) = preSolution
		Debug|Any CPU = Debug|Any CPU
		Release|Any CPU = Release|Any CPU
	EndGlobalSection
	GlobalSection(ProjectConfigurationPlatforms) = postSolution
		{2402E4FF-8C2D-486A-9772-1526C66BC710}.Debug|Any CPU.ActiveCfg = Debug|Any CPU
		{2402E4FF-8C2D-486A-9772-1526C66BC710}.Debug|Any CPU.Build.0 = Debug|Any CPU
		{2402E4FF-8C2D-486A-9772-1526C66BC710}.Release|Any CPU.ActiveCfg = Release|Any CPU
		{2402E4FF-8C2D-486A-9772-1526C66BC710}.Release|Any CPU.Build.0 = Release|Any CPU
		{48BE074F-6EF2-4278-ADFD-13D2C7107868}.Debug|Any CPU.ActiveCfg = Debug|Any CPU
		{48BE074F-6EF2-4278-ADFD-13D2C7107868}.Debug|Any CPU.Build.0 = Debug|Any CPU
		{48BE074F-6EF2-4278-ADFD-13D2C7107868}.Release|Any CPU.ActiveCfg = Release|Any CPU
		{48BE074F-6EF2-4278-ADFD-13D2C7107868}.Release|Any CPU.Build.0 = Release|Any CPU
		{233CE370-536B-45DE-A692-3F055F95BF3F}.Debug|Any CPU.ActiveCfg = Debug|Any CPU
		{233CE370-536B-45DE-A692-3F055F95BF3F}.Debug|Any CPU.Build.0 = Debug|Any CPU
		{233CE370-536B-45DE-A692-3F055F95BF3F}.Release|Any CPU.ActiveCfg = Release|Any CPU
		{233CE370-536B-45DE-A692-3F055F95BF3F}.Release|Any CPU.Build.0 = Release|Any CPU
		{C88A402D-C43A-4135-B554-8926899EEB7E}.Debug|Any CPU.ActiveCfg = Debug|Any CPU
		{C88A402D-C43A-4135-B554-8926899EEB7E}.Debug|Any CPU.Build.0 = Debug|Any CPU
		{C88A402D-C43A-4135-B554-8926899EEB7E}.Release|Any CPU.ActiveCfg = Release|Any CPU
		{C88A402D-C43A-4135-B554-8926899EEB7E}.Release|Any CPU.Build.0 = Release|Any CPU
	EndGlobalSection
	GlobalSection(SolutionProperties) = preSolution
		HideSolutionNode = FALSE
	EndGlobalSection
	GlobalSection(ExtensibilityGlobals) = postSolution
		SolutionGuid = {92FE1739-0FC6-4B90-A383-4917C93EA63F}
	EndGlobalSection
EndGlobal
